// !$*UTF8*$!
{
	archiveVersion = 1;
	classes = {
	};
	objectVersion = 50;
	objects = {

/* Begin PBXBuildFile section */
		2B5C743023A3D1080043FA03 /* AppDelegate.swift in Sources */ = {isa = PBXBuildFile; fileRef = 2B5C742F23A3D1080043FA03 /* AppDelegate.swift */; };
		2B5C743223A3D1080043FA03 /* ViewController.swift in Sources */ = {isa = PBXBuildFile; fileRef = 2B5C743123A3D1080043FA03 /* ViewController.swift */; };
		2B5C743523A3D1080043FA03 /* Main.storyboard in Resources */ = {isa = PBXBuildFile; fileRef = 2B5C743323A3D1080043FA03 /* Main.storyboard */; };
		2B5C743723A3D10C0043FA03 /* Assets.xcassets in Resources */ = {isa = PBXBuildFile; fileRef = 2B5C743623A3D10C0043FA03 /* Assets.xcassets */; };
		2B5C743A23A3D10C0043FA03 /* LaunchScreen.storyboard in Resources */ = {isa = PBXBuildFile; fileRef = 2B5C743823A3D10C0043FA03 /* LaunchScreen.storyboard */; };
		2B5C744523A3D10C0043FA03 /* TestProduct2Tests.swift in Sources */ = {isa = PBXBuildFile; fileRef = 2B5C744423A3D10C0043FA03 /* TestProduct2Tests.swift */; };
		2B5C745023A3D10D0043FA03 /* TestProduct2UITests.swift in Sources */ = {isa = PBXBuildFile; fileRef = 2B5C744F23A3D10D0043FA03 /* TestProduct2UITests.swift */; };
/* End PBXBuildFile section */

/* Begin PBXContainerItemProxy section */
		2B5C744123A3D10C0043FA03 /* PBXContainerItemProxy */ = {
			isa = PBXContainerItemProxy;
			containerPortal = 2B5C742423A3D1080043FA03 /* Project object */;
			proxyType = 1;
			remoteGlobalIDString = 2B5C742B23A3D1080043FA03;
			remoteInfo = TestProduct2;
		};
		2B5C744C23A3D10D0043FA03 /* PBXContainerItemProxy */ = {
			isa = PBXContainerItemProxy;
			containerPortal = 2B5C742423A3D1080043FA03 /* Project object */;
			proxyType = 1;
			remoteGlobalIDString = 2B5C742B23A3D1080043FA03;
			remoteInfo = TestProduct2;
		};
/* End PBXContainerItemProxy section */

/* Begin PBXFileReference section */
		2B5C742C23A3D1080043FA03 /* TestProduct2.app */ = {isa = PBXFileReference; explicitFileType = wrapper.application; includeInIndex = 0; path = TestProduct2.app; sourceTree = BUILT_PRODUCTS_DIR; };
		2B5C742F23A3D1080043FA03 /* AppDelegate.swift */ = {isa = PBXFileReference; lastKnownFileType = sourcecode.swift; path = AppDelegate.swift; sourceTree = "<group>"; };
		2B5C743123A3D1080043FA03 /* ViewController.swift */ = {isa = PBXFileReference; lastKnownFileType = sourcecode.swift; path = ViewController.swift; sourceTree = "<group>"; };
		2B5C743423A3D1080043FA03 /* Base */ = {isa = PBXFileReference; lastKnownFileType = file.storyboard; name = Base; path = Base.lproj/Main.storyboard; sourceTree = "<group>"; };
		2B5C743623A3D10C0043FA03 /* Assets.xcassets */ = {isa = PBXFileReference; lastKnownFileType = folder.assetcatalog; path = Assets.xcassets; sourceTree = "<group>"; };
		2B5C743923A3D10C0043FA03 /* Base */ = {isa = PBXFileReference; lastKnownFileType = file.storyboard; name = Base; path = Base.lproj/LaunchScreen.storyboard; sourceTree = "<group>"; };
		2B5C743B23A3D10C0043FA03 /* Info.plist */ = {isa = PBXFileReference; lastKnownFileType = text.plist.xml; path = Info.plist; sourceTree = "<group>"; };
		2B5C744023A3D10C0043FA03 /* TestProduct2Tests.xctest */ = {isa = PBXFileReference; explicitFileType = wrapper.cfbundle; includeInIndex = 0; path = TestProduct2Tests.xctest; sourceTree = BUILT_PRODUCTS_DIR; };
		2B5C744423A3D10C0043FA03 /* TestProduct2Tests.swift */ = {isa = PBXFileReference; lastKnownFileType = sourcecode.swift; path = TestProduct2Tests.swift; sourceTree = "<group>"; };
		2B5C744623A3D10C0043FA03 /* Info.plist */ = {isa = PBXFileReference; lastKnownFileType = text.plist.xml; path = Info.plist; sourceTree = "<group>"; };
		2B5C744B23A3D10D0043FA03 /* TestProduct2UITests.xctest */ = {isa = PBXFileReference; explicitFileType = wrapper.cfbundle; includeInIndex = 0; path = TestProduct2UITests.xctest; sourceTree = BUILT_PRODUCTS_DIR; };
		2B5C744F23A3D10D0043FA03 /* TestProduct2UITests.swift */ = {isa = PBXFileReference; lastKnownFileType = sourcecode.swift; path = TestProduct2UITests.swift; sourceTree = "<group>"; };
		2B5C745123A3D10D0043FA03 /* Info.plist */ = {isa = PBXFileReference; lastKnownFileType = text.plist.xml; path = Info.plist; sourceTree = "<group>"; };
/* End PBXFileReference section */

/* Begin PBXFrameworksBuildPhase section */
		2B5C742923A3D1080043FA03 /* Frameworks */ = {
			isa = PBXFrameworksBuildPhase;
			buildActionMask = 2147483647;
			files = (
			);
			runOnlyForDeploymentPostprocessing = 0;
		};
		2B5C743D23A3D10C0043FA03 /* Frameworks */ = {
			isa = PBXFrameworksBuildPhase;
			buildActionMask = 2147483647;
			files = (
			);
			runOnlyForDeploymentPostprocessing = 0;
		};
		2B5C744823A3D10D0043FA03 /* Frameworks */ = {
			isa = PBXFrameworksBuildPhase;
			buildActionMask = 2147483647;
			files = (
			);
			runOnlyForDeploymentPostprocessing = 0;
		};
/* End PBXFrameworksBuildPhase section */

/* Begin PBXGroup section */
		2B5C742323A3D1080043FA03 = {
			isa = PBXGroup;
			children = (
				2B5C742E23A3D1080043FA03 /* TestProduct2 */,
				2B5C744323A3D10C0043FA03 /* TestProduct2Tests */,
				2B5C744E23A3D10D0043FA03 /* TestProduct2UITests */,
				2B5C742D23A3D1080043FA03 /* Products */,
			);
			sourceTree = "<group>";
		};
		2B5C742D23A3D1080043FA03 /* Products */ = {
			isa = PBXGroup;
			children = (
				2B5C742C23A3D1080043FA03 /* TestProduct2.app */,
				2B5C744023A3D10C0043FA03 /* TestProduct2Tests.xctest */,
				2B5C744B23A3D10D0043FA03 /* TestProduct2UITests.xctest */,
			);
			name = Products;
			sourceTree = "<group>";
		};
		2B5C742E23A3D1080043FA03 /* TestProduct2 */ = {
			isa = PBXGroup;
			children = (
				2B5C742F23A3D1080043FA03 /* AppDelegate.swift */,
				2B5C743123A3D1080043FA03 /* ViewController.swift */,
				2B5C743323A3D1080043FA03 /* Main.storyboard */,
				2B5C743623A3D10C0043FA03 /* Assets.xcassets */,
				2B5C743823A3D10C0043FA03 /* LaunchScreen.storyboard */,
				2B5C743B23A3D10C0043FA03 /* Info.plist */,
			);
			path = TestProduct2;
			sourceTree = "<group>";
		};
		2B5C744323A3D10C0043FA03 /* TestProduct2Tests */ = {
			isa = PBXGroup;
			children = (
				2B5C744423A3D10C0043FA03 /* TestProduct2Tests.swift */,
				2B5C744623A3D10C0043FA03 /* Info.plist */,
			);
			path = TestProduct2Tests;
			sourceTree = "<group>";
		};
		2B5C744E23A3D10D0043FA03 /* TestProduct2UITests */ = {
			isa = PBXGroup;
			children = (
				2B5C744F23A3D10D0043FA03 /* TestProduct2UITests.swift */,
				2B5C745123A3D10D0043FA03 /* Info.plist */,
			);
			path = TestProduct2UITests;
			sourceTree = "<group>";
		};
/* End PBXGroup section */

/* Begin PBXNativeTarget section */
		2B5C742B23A3D1080043FA03 /* TestProduct2 */ = {
			isa = PBXNativeTarget;
			buildConfigurationList = 2B5C745423A3D10D0043FA03 /* Build configuration list for PBXNativeTarget "TestProduct2" */;
			buildPhases = (
				2B5C742823A3D1080043FA03 /* Sources */,
				2B5C742923A3D1080043FA03 /* Frameworks */,
				2B5C742A23A3D1080043FA03 /* Resources */,
			);
			buildRules = (
			);
			dependencies = (
			);
			name = TestProduct2;
			productName = TestProduct2;
			productReference = 2B5C742C23A3D1080043FA03 /* TestProduct2.app */;
			productType = "com.apple.product-type.application";
		};
		2B5C743F23A3D10C0043FA03 /* TestProduct2Tests */ = {
			isa = PBXNativeTarget;
			buildConfigurationList = 2B5C745723A3D10D0043FA03 /* Build configuration list for PBXNativeTarget "TestProduct2Tests" */;
			buildPhases = (
				2B5C743C23A3D10C0043FA03 /* Sources */,
				2B5C743D23A3D10C0043FA03 /* Frameworks */,
				2B5C743E23A3D10C0043FA03 /* Resources */,
			);
			buildRules = (
			);
			dependencies = (
				2B5C744223A3D10C0043FA03 /* PBXTargetDependency */,
			);
			name = TestProduct2Tests;
			productName = TestProduct2Tests;
			productReference = 2B5C744023A3D10C0043FA03 /* TestProduct2Tests.xctest */;
			productType = "com.apple.product-type.bundle.unit-test";
		};
		2B5C744A23A3D10D0043FA03 /* TestProduct2UITests */ = {
			isa = PBXNativeTarget;
			buildConfigurationList = 2B5C745A23A3D10D0043FA03 /* Build configuration list for PBXNativeTarget "TestProduct2UITests" */;
			buildPhases = (
				2B5C744723A3D10D0043FA03 /* Sources */,
				2B5C744823A3D10D0043FA03 /* Frameworks */,
				2B5C744923A3D10D0043FA03 /* Resources */,
			);
			buildRules = (
			);
			dependencies = (
				2B5C744D23A3D10D0043FA03 /* PBXTargetDependency */,
			);
			name = TestProduct2UITests;
			productName = TestProduct2UITests;
			productReference = 2B5C744B23A3D10D0043FA03 /* TestProduct2UITests.xctest */;
			productType = "com.apple.product-type.bundle.ui-testing";
		};
/* End PBXNativeTarget section */

/* Begin PBXProject section */
		2B5C742423A3D1080043FA03 /* Project object */ = {
			isa = PBXProject;
			attributes = {
				LastSwiftUpdateCheck = 1030;
				LastUpgradeCheck = 1030;
				ORGANIZATIONNAME = district196.org;
				TargetAttributes = {
					2B5C742B23A3D1080043FA03 = {
						CreatedOnToolsVersion = 10.3;
					};
					2B5C743F23A3D10C0043FA03 = {
						CreatedOnToolsVersion = 10.3;
						TestTargetID = 2B5C742B23A3D1080043FA03;
					};
					2B5C744A23A3D10D0043FA03 = {
						CreatedOnToolsVersion = 10.3;
						TestTargetID = 2B5C742B23A3D1080043FA03;
					};
				};
			};
			buildConfigurationList = 2B5C742723A3D1080043FA03 /* Build configuration list for PBXProject "TestProduct2" */;
			compatibilityVersion = "Xcode 9.3";
			developmentRegion = en;
			hasScannedForEncodings = 0;
			knownRegions = (
				en,
				Base,
			);
			mainGroup = 2B5C742323A3D1080043FA03;
			productRefGroup = 2B5C742D23A3D1080043FA03 /* Products */;
			projectDirPath = "";
			projectRoot = "";
			targets = (
				2B5C742B23A3D1080043FA03 /* TestProduct2 */,
				2B5C743F23A3D10C0043FA03 /* TestProduct2Tests */,
				2B5C744A23A3D10D0043FA03 /* TestProduct2UITests */,
			);
		};
/* End PBXProject section */

/* Begin PBXResourcesBuildPhase section */
		2B5C742A23A3D1080043FA03 /* Resources */ = {
			isa = PBXResourcesBuildPhase;
			buildActionMask = 2147483647;
			files = (
				2B5C743A23A3D10C0043FA03 /* LaunchScreen.storyboard in Resources */,
				2B5C743723A3D10C0043FA03 /* Assets.xcassets in Resources */,
				2B5C743523A3D1080043FA03 /* Main.storyboard in Resources */,
			);
			runOnlyForDeploymentPostprocessing = 0;
		};
		2B5C743E23A3D10C0043FA03 /* Resources */ = {
			isa = PBXResourcesBuildPhase;
			buildActionMask = 2147483647;
			files = (
			);
			runOnlyForDeploymentPostprocessing = 0;
		};
		2B5C744923A3D10D0043FA03 /* Resources */ = {
			isa = PBXResourcesBuildPhase;
			buildActionMask = 2147483647;
			files = (
			);
			runOnlyForDeploymentPostprocessing = 0;
		};
/* End PBXResourcesBuildPhase section */

/* Begin PBXSourcesBuildPhase section */
		2B5C742823A3D1080043FA03 /* Sources */ = {
			isa = PBXSourcesBuildPhase;
			buildActionMask = 2147483647;
			files = (
				2B5C743223A3D1080043FA03 /* ViewController.swift in Sources */,
				2B5C743023A3D1080043FA03 /* AppDelegate.swift in Sources */,
			);
			runOnlyForDeploymentPostprocessing = 0;
		};
		2B5C743C23A3D10C0043FA03 /* Sources */ = {
			isa = PBXSourcesBuildPhase;
			buildActionMask = 2147483647;
			files = (
				2B5C744523A3D10C0043FA03 /* TestProduct2Tests.swift in Sources */,
			);
			runOnlyForDeploymentPostprocessing = 0;
		};
		2B5C744723A3D10D0043FA03 /* Sources */ = {
			isa = PBXSourcesBuildPhase;
			buildActionMask = 2147483647;
			files = (
				2B5C745023A3D10D0043FA03 /* TestProduct2UITests.swift in Sources */,
			);
			runOnlyForDeploymentPostprocessing = 0;
		};
/* End PBXSourcesBuildPhase section */

/* Begin PBXTargetDependency section */
		2B5C744223A3D10C0043FA03 /* PBXTargetDependency */ = {
			isa = PBXTargetDependency;
			target = 2B5C742B23A3D1080043FA03 /* TestProduct2 */;
			targetProxy = 2B5C744123A3D10C0043FA03 /* PBXContainerItemProxy */;
		};
		2B5C744D23A3D10D0043FA03 /* PBXTargetDependency */ = {
			isa = PBXTargetDependency;
			target = 2B5C742B23A3D1080043FA03 /* TestProduct2 */;
			targetProxy = 2B5C744C23A3D10D0043FA03 /* PBXContainerItemProxy */;
		};
/* End PBXTargetDependency section */

/* Begin PBXVariantGroup section */
		2B5C743323A3D1080043FA03 /* Main.storyboard */ = {
			isa = PBXVariantGroup;
			children = (
				2B5C743423A3D1080043FA03 /* Base */,
			);
			name = Main.storyboard;
			sourceTree = "<group>";
		};
		2B5C743823A3D10C0043FA03 /* LaunchScreen.storyboard */ = {
			isa = PBXVariantGroup;
			children = (
				2B5C743923A3D10C0043FA03 /* Base */,
			);
			name = LaunchScreen.storyboard;
			sourceTree = "<group>";
		};
/* End PBXVariantGroup section */

/* Begin XCBuildConfiguration section */
		2B5C745223A3D10D0043FA03 /* Debug */ = {
			isa = XCBuildConfiguration;
			buildSettings = {
				ALWAYS_SEARCH_USER_PATHS = NO;
				CLANG_ANALYZER_NONNULL = YES;
				CLANG_ANALYZER_NUMBER_OBJECT_CONVERSION = YES_AGGRESSIVE;
				CLANG_CXX_LANGUAGE_STANDARD = "gnu++14";
				CLANG_CXX_LIBRARY = "libc++";
				CLANG_ENABLE_MODULES = YES;
				CLANG_ENABLE_OBJC_ARC = YES;
				CLANG_ENABLE_OBJC_WEAK = YES;
				CLANG_WARN_BLOCK_CAPTURE_AUTORELEASING = YES;
				CLANG_WARN_BOOL_CONVERSION = YES;
				CLANG_WARN_COMMA = YES;
				CLANG_WARN_CONSTANT_CONVERSION = YES;
				CLANG_WARN_DEPRECATED_OBJC_IMPLEMENTATIONS = YES;
				CLANG_WARN_DIRECT_OBJC_ISA_USAGE = YES_ERROR;
				CLANG_WARN_DOCUMENTATION_COMMENTS = YES;
				CLANG_WARN_EMPTY_BODY = YES;
				CLANG_WARN_ENUM_CONVERSION = YES;
				CLANG_WARN_INFINITE_RECURSION = YES;
				CLANG_WARN_INT_CONVERSION = YES;
				CLANG_WARN_NON_LITERAL_NULL_CONVERSION = YES;
				CLANG_WARN_OBJC_IMPLICIT_RETAIN_SELF = YES;
				CLANG_WARN_OBJC_LITERAL_CONVERSION = YES;
				CLANG_WARN_OBJC_ROOT_CLASS = YES_ERROR;
				CLANG_WARN_RANGE_LOOP_ANALYSIS = YES;
				CLANG_WARN_STRICT_PROTOTYPES = YES;
				CLANG_WARN_SUSPICIOUS_MOVE = YES;
				CLANG_WARN_UNGUARDED_AVAILABILITY = YES_AGGRESSIVE;
				CLANG_WARN_UNREACHABLE_CODE = YES;
				CLANG_WARN__DUPLICATE_METHOD_MATCH = YES;
				CODE_SIGN_IDENTITY = "iPhone Developer";
				COPY_PHASE_STRIP = NO;
				DEBUG_INFORMATION_FORMAT = dwarf;
				ENABLE_STRICT_OBJC_MSGSEND = YES;
				ENABLE_TESTABILITY = YES;
				GCC_C_LANGUAGE_STANDARD = gnu11;
				GCC_DYNAMIC_NO_PIC = NO;
				GCC_NO_COMMON_BLOCKS = YES;
				GCC_OPTIMIZATION_LEVEL = 0;
				GCC_PREPROCESSOR_DEFINITIONS = (
					"DEBUG=1",
					"$(inherited)",
				);
				GCC_WARN_64_TO_32_BIT_CONVERSION = YES;
				GCC_WARN_ABOUT_RETURN_TYPE = YES_ERROR;
				GCC_WARN_UNDECLARED_SELECTOR = YES;
				GCC_WARN_UNINITIALIZED_AUTOS = YES_AGGRESSIVE;
				GCC_WARN_UNUSED_FUNCTION = YES;
				GCC_WARN_UNUSED_VARIABLE = YES;
				IPHONEOS_DEPLOYMENT_TARGET = 12.4;
				MTL_ENABLE_DEBUG_INFO = INCLUDE_SOURCE;
				MTL_FAST_MATH = YES;
				ONLY_ACTIVE_ARCH = YES;
				SDKROOT = iphoneos;
				SWIFT_ACTIVE_COMPILATION_CONDITIONS = DEBUG;
				SWIFT_OPTIMIZATION_LEVEL = "-Onone";
			};
			name = Debug;
		};
		2B5C745323A3D10D0043FA03 /* Release */ = {
			isa = XCBuildConfiguration;
			buildSettings = {
				ALWAYS_SEARCH_USER_PATHS = NO;
				CLANG_ANALYZER_NONNULL = YES;
				CLANG_ANALYZER_NUMBER_OBJECT_CONVERSION = YES_AGGRESSIVE;
				CLANG_CXX_LANGUAGE_STANDARD = "gnu++14";
				CLANG_CXX_LIBRARY = "libc++";
				CLANG_ENABLE_MODULES = YES;
				CLANG_ENABLE_OBJC_ARC = YES;
				CLANG_ENABLE_OBJC_WEAK = YES;
				CLANG_WARN_BLOCK_CAPTURE_AUTORELEASING = YES;
				CLANG_WARN_BOOL_CONVERSION = YES;
				CLANG_WARN_COMMA = YES;
				CLANG_WARN_CONSTANT_CONVERSION = YES;
				CLANG_WARN_DEPRECATED_OBJC_IMPLEMENTATIONS = YES;
				CLANG_WARN_DIRECT_OBJC_ISA_USAGE = YES_ERROR;
				CLANG_WARN_DOCUMENTATION_COMMENTS = YES;
				CLANG_WARN_EMPTY_BODY = YES;
				CLANG_WARN_ENUM_CONVERSION = YES;
				CLANG_WARN_INFINITE_RECURSION = YES;
				CLANG_WARN_INT_CONVERSION = YES;
				CLANG_WARN_NON_LITERAL_NULL_CONVERSION = YES;
				CLANG_WARN_OBJC_IMPLICIT_RETAIN_SELF = YES;
				CLANG_WARN_OBJC_LITERAL_CONVERSION = YES;
				CLANG_WARN_OBJC_ROOT_CLASS = YES_ERROR;
				CLANG_WARN_RANGE_LOOP_ANALYSIS = YES;
				CLANG_WARN_STRICT_PROTOTYPES = YES;
				CLANG_WARN_SUSPICIOUS_MOVE = YES;
				CLANG_WARN_UNGUARDED_AVAILABILITY = YES_AGGRESSIVE;
				CLANG_WARN_UNREACHABLE_CODE = YES;
				CLANG_WARN__DUPLICATE_METHOD_MATCH = YES;
				CODE_SIGN_IDENTITY = "iPhone Developer";
				COPY_PHASE_STRIP = NO;
				DEBUG_INFORMATION_FORMAT = "dwarf-with-dsym";
				ENABLE_NS_ASSERTIONS = NO;
				ENABLE_STRICT_OBJC_MSGSEND = YES;
				GCC_C_LANGUAGE_STANDARD = gnu11;
				GCC_NO_COMMON_BLOCKS = YES;
				GCC_WARN_64_TO_32_BIT_CONVERSION = YES;
				GCC_WARN_ABOUT_RETURN_TYPE = YES_ERROR;
				GCC_WARN_UNDECLARED_SELECTOR = YES;
				GCC_WARN_UNINITIALIZED_AUTOS = YES_AGGRESSIVE;
				GCC_WARN_UNUSED_FUNCTION = YES;
				GCC_WARN_UNUSED_VARIABLE = YES;
				IPHONEOS_DEPLOYMENT_TARGET = 12.4;
				MTL_ENABLE_DEBUG_INFO = NO;
				MTL_FAST_MATH = YES;
				SDKROOT = iphoneos;
				SWIFT_COMPILATION_MODE = wholemodule;
				SWIFT_OPTIMIZATION_LEVEL = "-O";
				VALIDATE_PRODUCT = YES;
			};
			name = Release;
		};
		2B5C745523A3D10D0043FA03 /* Debug */ = {
			isa = XCBuildConfiguration;
			buildSettings = {
				ASSETCATALOG_COMPILER_APPICON_NAME = AppIcon;
				CODE_SIGN_STYLE = Automatic;
				INFOPLIST_FILE = TestProduct2/Info.plist;
				LD_RUNPATH_SEARCH_PATHS = (
					"$(inherited)",
					"@executable_path/Frameworks",
				);
				PRODUCT_BUNDLE_IDENTIFIER = org.district196.TestProduct2;
				PRODUCT_NAME = "$(TARGET_NAME)";
				SWIFT_VERSION = 5.0;
				TARGETED_DEVICE_FAMILY = "1,2";
			};
			name = Debug;
		};
		2B5C745623A3D10D0043FA03 /* Release */ = {
			isa = XCBuildConfiguration;
			buildSettings = {
				ASSETCATALOG_COMPILER_APPICON_NAME = AppIcon;
				CODE_SIGN_STYLE = Automatic;
				INFOPLIST_FILE = TestProduct2/Info.plist;
				LD_RUNPATH_SEARCH_PATHS = (
					"$(inherited)",
					"@executable_path/Frameworks",
				);
				PRODUCT_BUNDLE_IDENTIFIER = org.district196.TestProduct2;
				PRODUCT_NAME = "$(TARGET_NAME)";
				SWIFT_VERSION = 5.0;
				TARGETED_DEVICE_FAMILY = "1,2";
			};
			name = Release;
		};
		2B5C745823A3D10D0043FA03 /* Debug */ = {
			isa = XCBuildConfiguration;
			buildSettings = {
				ALWAYS_EMBED_SWIFT_STANDARD_LIBRARIES = YES;
				BUNDLE_LOADER = "$(TEST_HOST)";
				CODE_SIGN_STYLE = Automatic;
				INFOPLIST_FILE = TestProduct2Tests/Info.plist;
				LD_RUNPATH_SEARCH_PATHS = (
					"$(inherited)",
					"@executable_path/Frameworks",
					"@loader_path/Frameworks",
				);
				PRODUCT_BUNDLE_IDENTIFIER = org.district196.TestProduct2Tests;
				PRODUCT_NAME = "$(TARGET_NAME)";
				SWIFT_VERSION = 5.0;
				TARGETED_DEVICE_FAMILY = "1,2";
				TEST_HOST = "$(BUILT_PRODUCTS_DIR)/TestProduct2.app/TestProduct2";
			};
			name = Debug;
		};
		2B5C745923A3D10D0043FA03 /* Release */ = {
			isa = XCBuildConfiguration;
			buildSettings = {
				ALWAYS_EMBED_SWIFT_STANDARD_LIBRARIES = YES;
				BUNDLE_LOADER = "$(TEST_HOST)";
				CODE_SIGN_STYLE = Automatic;
				INFOPLIST_FILE = TestProduct2Tests/Info.plist;
				LD_RUNPATH_SEARCH_PATHS = (
					"$(inherited)",
					"@executable_path/Frameworks",
					"@loader_path/Frameworks",
				);
				PRODUCT_BUNDLE_IDENTIFIER = org.district196.TestProduct2Tests;
				PRODUCT_NAME = "$(TARGET_NAME)";
				SWIFT_VERSION = 5.0;
				TARGETED_DEVICE_FAMILY = "1,2";
				TEST_HOST = "$(BUILT_PRODUCTS_DIR)/TestProduct2.app/TestProduct2";
			};
			name = Release;
		};
		2B5C745B23A3D10D0043FA03 /* Debug */ = {
			isa = XCBuildConfiguration;
			buildSettings = {
				ALWAYS_EMBED_SWIFT_STANDARD_LIBRARIES = YES;
				CODE_SIGN_STYLE = Automatic;
				INFOPLIST_FILE = TestProduct2UITests/Info.plist;
				LD_RUNPATH_SEARCH_PATHS = (
					"$(inherited)",
					"@executable_path/Frameworks",
					"@loader_path/Frameworks",
				);
				PRODUCT_BUNDLE_IDENTIFIER = org.district196.TestProduct2UITests;
				PRODUCT_NAME = "$(TARGET_NAME)";
				SWIFT_VERSION = 5.0;
				TARGETED_DEVICE_FAMILY = "1,2";
				TEST_TARGET_NAME = TestProduct2;
			};
			name = Debug;
		};
		2B5C745C23A3D10D0043FA03 /* Release */ = {
			isa = XCBuildConfiguration;
			buildSettings = {
				ALWAYS_EMBED_SWIFT_STANDARD_LIBRARIES = YES;
				CODE_SIGN_STYLE = Automatic;
				INFOPLIST_FILE = TestProduct2UITests/Info.plist;
				LD_RUNPATH_SEARCH_PATHS = (
					"$(inherited)",
					"@executable_path/Frameworks",
					"@loader_path/Frameworks",
				);
				PRODUCT_BUNDLE_IDENTIFIER = org.district196.TestProduct2UITests;
				PRODUCT_NAME = "$(TARGET_NAME)";
				SWIFT_VERSION = 5.0;
				TARGETED_DEVICE_FAMILY = "1,2";
				TEST_TARGET_NAME = TestProduct2;
			};
			name = Release;
		};
/* End XCBuildConfiguration section */

/* Begin XCConfigurationList section */
		2B5C742723A3D1080043FA03 /* Build configuration list for PBXProject "TestProduct2" */ = {
			isa = XCConfigurationList;
			buildConfigurations = (
				2B5C745223A3D10D0043FA03 /* Debug */,
				2B5C745323A3D10D0043FA03 /* Release */,
			);
			defaultConfigurationIsVisible = 0;
			defaultConfigurationName = Release;
		};
		2B5C745423A3D10D0043FA03 /* Build configuration list for PBXNativeTarget "TestProduct2" */ = {
			isa = XCConfigurationList;
			buildConfigurations = (
				2B5C745523A3D10D0043FA03 /* Debug */,
				2B5C745623A3D10D0043FA03 /* Release */,
			);
			defaultConfigurationIsVisible = 0;
			defaultConfigurationName = Release;
		};
		2B5C745723A3D10D0043FA03 /* Build configuration list for PBXNativeTarget "TestProduct2Tests" */ = {
			isa = XCConfigurationList;
			buildConfigurations = (
				2B5C745823A3D10D0043FA03 /* Debug */,
				2B5C745923A3D10D0043FA03 /* Release */,
			);
			defaultConfigurationIsVisible = 0;
			defaultConfigurationName = Release;
		};
		2B5C745A23A3D10D0043FA03 /* Build configuration list for PBXNativeTarget "TestProduct2UITests" */ = {
			isa = XCConfigurationList;
			buildConfigurations = (
				2B5C745B23A3D10D0043FA03 /* Debug */,
				2B5C745C23A3D10D0043FA03 /* Release */,
			);
			defaultConfigurationIsVisible = 0;
			defaultConfigurationName = Release;
		};
/* End XCConfigurationList section */
	};
	rootObject = 2B5C742423A3D1080043FA03 /* Project object */;
}
